// !$*UTF8*$!
{
	archiveVersion = 1;
	classes = {
	};
	objectVersion = 46;
	objects = {
/* Begin PBXBuildFile section */
		0207DA581B56EA530066E2B4 /* Images.xcassets in Resources */ = {isa = PBXBuildFile; fileRef = 0207DA571B56EA530066E2B4 /* Images.xcassets */; };
		1D3623260D0F684500981E51 /* AppDelegate.m in Sources */ = {isa = PBXBuildFile; fileRef = 1D3623250D0F684500981E51 /* AppDelegate.m */; };
		1D60589B0D05DD56006BFB54 /* main.m in Sources */ = {isa = PBXBuildFile; fileRef = 29B97316FDCFA39411CA2CEA /* main.m */; };
		301BF552109A68D80062928A /* libCordova.a in Frameworks */ = {isa = PBXBuildFile; fileRef = 301BF535109A57CC0062928A /* libCordova.a */; };
		302D95F114D2391D003F00A1 /* MainViewController.m in Sources */ = {isa = PBXBuildFile; fileRef = 302D95EF14D2391D003F00A1 /* MainViewController.m */; };
		302D95F214D2391D003F00A1 /* MainViewController.xib in Resources */ = {isa = PBXBuildFile; fileRef = 302D95F014D2391D003F00A1 /* MainViewController.xib */; };
		3047A5121AB8059700498E2A /* build-debug.xcconfig in Resources */ = {isa = PBXBuildFile; fileRef = 3047A50F1AB8059700498E2A /* build-debug.xcconfig */; };
		3047A5131AB8059700498E2A /* build-release.xcconfig in Resources */ = {isa = PBXBuildFile; fileRef = 3047A5101AB8059700498E2A /* build-release.xcconfig */; };
		3047A5141AB8059700498E2A /* build.xcconfig in Resources */ = {isa = PBXBuildFile; fileRef = 3047A5111AB8059700498E2A /* build.xcconfig */; };
		6AFF5BF91D6E424B00AB3073 /* CDVLaunchScreen.storyboard in Resources */ = {isa = PBXBuildFile; fileRef = 6AFF5BF81D6E424B00AB3073 /* CDVLaunchScreen.storyboard */; };
		5C6AA6E5E51E4770AA8C88CA /* CDVFile.m in Sources */ = {isa = PBXBuildFile; fileRef = 1BF29CFFF9F943D0AB30EBB8 /* CDVFile.m */; };
		C55F054FFD9143C3BE1536E5 /* CDVLocalFilesystem.m in Sources */ = {isa = PBXBuildFile; fileRef = AA27272F2D714EB794CE3000 /* CDVLocalFilesystem.m */; };
		F6AEC12657434EBF91F10FE3 /* CDVAssetLibraryFilesystem.m in Sources */ = {isa = PBXBuildFile; fileRef = 61BBDC1CDC0A43C080A06CD0 /* CDVAssetLibraryFilesystem.m */; };
		2AE8C814EB0E42FAA0FEDE48 /* CDVFileTransfer.m in Sources */ = {isa = PBXBuildFile; fileRef = FA4CC6BC1E4E4CDA9AA7E50D /* CDVFileTransfer.m */; };
		388CCF8DCF8A45D5A22C0ECF /* CDVInAppBrowser.m in Sources */ = {isa = PBXBuildFile; fileRef = 4F22B535FEB4407D81FABF89 /* CDVInAppBrowser.m */; };
		0CB14082A9A74DCFA0E6BF49 /* CDVTTS.m in Sources */ = {isa = PBXBuildFile; fileRef = 22F281CDAE684643BD4C5F0B /* CDVTTS.m */; };
		CA69120796694039B4482546 /* ZipPlugin.m in Sources */ = {isa = PBXBuildFile; fileRef = 7047851AA57F4A61907ADC98 /* ZipPlugin.m */; };
		C61E955664894A09A77B4366 /* aescrypt.c in Resources */ = {isa = PBXBuildFile; fileRef = 909A751EB8A64C73A758CF61 /* aescrypt.c */; };
		3D95C23D79D6484E965D9FCA /* aeskey.c in Resources */ = {isa = PBXBuildFile; fileRef = 83733F0C005240F99F82874D /* aeskey.c */; };
		3F5C5C02B0D04D8DBBA03B84 /* aestab.c in Resources */ = {isa = PBXBuildFile; fileRef = 06E7FE8276E946058A90969A /* aestab.c */; };
		799B1A5F8F02441286B20EE4 /* entropy.c in Resources */ = {isa = PBXBuildFile; fileRef = 8398C5C0867E4868908CCE04 /* entropy.c */; };
		775880C185CA4387A1C75A3C /* fileenc.c in Resources */ = {isa = PBXBuildFile; fileRef = 9E128C0CCEBF431EA4174BF7 /* fileenc.c */; };
		13416E09CA8C43F09D6FCB7C /* hmac.c in Resources */ = {isa = PBXBuildFile; fileRef = 7D3A8C62D5BA419DB6D84794 /* hmac.c */; };
		B8E30DB9FB6245639AC5505B /* prng.c in Resources */ = {isa = PBXBuildFile; fileRef = 4CF36643532B4F85A6C208B3 /* prng.c */; };
		E531D82CC0E94FCF817EF822 /* pwd2key.c in Resources */ = {isa = PBXBuildFile; fileRef = B457BB186765422D81668BE4 /* pwd2key.c */; };
		0A38F69E41A44D84A5282973 /* sha1.c in Resources */ = {isa = PBXBuildFile; fileRef = B2A4CBFD2B9B4B24BD17B371 /* sha1.c */; };
		3878BC2F01AB47548EAB953B /* SSZipArchive.m in Sources */ = {isa = PBXBuildFile; fileRef = 49EF04DBBCEA43F4A394F8B2 /* SSZipArchive.m */; };
		EC2FA58F8D8D42AD9E60C58F /* zip.c in Resources */ = {isa = PBXBuildFile; fileRef = 2EEBD07EDA424E058C3B6042 /* zip.c */; };
		105FCFCBB5354FD09FC06D84 /* unzip.c in Resources */ = {isa = PBXBuildFile; fileRef = AAF0E1A2D89642DB8C87FDB9 /* unzip.c */; };
		BB9CA9709AF94EDBBA57C14D /* mztools.c in Resources */ = {isa = PBXBuildFile; fileRef = 2F7EC2AD0B56459995385638 /* mztools.c */; };
		1552803EB551449A8E90897A /* ioapi.c in Resources */ = {isa = PBXBuildFile; fileRef = 9FD0389DCFB8420E8FAB33AA /* ioapi.c */; };
		D2126439139442D188DA572F /* libz.dylib in Frameworks */ = {isa = PBXBuildFile; fileRef = 1A20BEE01DD24C76A8EEAE60 /* libz.dylib */; };
		E60AB9519D0E4FC3ABDE4A35 /* SQLitePlugin.m in Sources */ = {isa = PBXBuildFile; fileRef = 744FF9F610C64A13831A9D71 /* SQLitePlugin.m */; };
		74F6C358AC1B44DDB684C61A /* sqlite3.c in Resources */ = {isa = PBXBuildFile; fileRef = DCF7D9325C904C83A4D0984F /* sqlite3.c */; settings = {COMPILER_FLAGS = "-DSQLITE_TEMP_STORE=2 -DSQLITE_THREADSAFE=1 -DSQLITE_ENABLE_FTS3 -DSQLITE_ENABLE_FTS3_PARENTHESIS -DSQLITE_ENABLE_FTS4 -DSQLITE_ENABLE_RTREE  -DSQLITE_OMIT_BUILTIN_TEST -DSQLITE_OMIT_LOAD_EXTENSION -DSQLITE_DEFAULT_PAGE_SIZE=1024 -DSQLITE_DEFAULT_CACHE_SIZE=2000"; }; };
		F5C3A79F88C249D092C779E5 /* SpeechRecognition.m in Sources */ = {isa = PBXBuildFile; fileRef = 28E2DB7B35314D1DB3E0F7BF /* SpeechRecognition.m */; };
		87D1B6D0FB10445EA0E929ED /* libiSpeechSDK.a in Frameworks */ = {isa = PBXBuildFile; fileRef = D3A0E7E0CB6B48ED92F2B042 /* libiSpeechSDK.a */; };
		330ABCEB4A7C4708A0B4552C /* iSpeechSDK.bundle in Resources */ = {isa = PBXBuildFile; fileRef = BEC38B5F48714EF99D410433 /* iSpeechSDK.bundle */; };
		2847EC9261E84AF1B800460C /* AudioToolbox.framework in Frameworks */ = {isa = PBXBuildFile; fileRef = E7C700EE2B484A82B21202C5 /* AudioToolbox.framework */; };
		6314D97A7488417C98CF3CFA /* SystemConfiguration.framework in Frameworks */ = {isa = PBXBuildFile; fileRef = B47AE7D79F9C4F00B3E9EDBB /* SystemConfiguration.framework */; };
		BDC1E07FF56949EBB0BEE78F /* Security.framework in Frameworks */ = {isa = PBXBuildFile; fileRef = A4DA3659CF1E4EC98B12BD69 /* Security.framework */; };
		C41CF182E73B48C483FA76E8 /* CFNetwork.framework in Frameworks */ = {isa = PBXBuildFile; fileRef = D633975C8EDD4D1393D1FACE /* CFNetwork.framework */; };
		7ACAF71443A54A1EA2CB2F78 /* Speech.framework in Frameworks */ = {isa = PBXBuildFile; fileRef = 8F4C54BDE44E4273B5B8CDFD /* Speech.framework */; settings = {ATTRIBUTES = (Weak, ); }; };
		0C2084EC2B9E45BB9FD6CAEA /* APPEmailComposer.m in Sources */ = {isa = PBXBuildFile; fileRef = 1EEE4925F700496AA77242E0 /* APPEmailComposer.m */; };
		7E42154A068E48169DA27250 /* APPEmailComposerImpl.m in Sources */ = {isa = PBXBuildFile; fileRef = 9241530518FA4AA1A52C242D /* APPEmailComposerImpl.m */; };
		196E3E4F25D04F6AB0B425AD /* MessageUI.framework in Frameworks */ = {isa = PBXBuildFile; fileRef = 13295B876F5D49EBA65E599E /* MessageUI.framework */; };
/* End PBXBuildFile section */

/* Begin PBXContainerItemProxy section */
		301BF534109A57CC0062928A /* PBXContainerItemProxy */ = {
			isa = PBXContainerItemProxy;
			containerPortal = 301BF52D109A57CC0062928A /* CordovaLib.xcodeproj */;
			proxyType = 2;
			remoteGlobalIDString = D2AAC07E0554694100DB518D;
			remoteInfo = CordovaLib;
		};
		301BF550109A68C00062928A /* PBXContainerItemProxy */ = {
			isa = PBXContainerItemProxy;
			containerPortal = 301BF52D109A57CC0062928A /* CordovaLib.xcodeproj */;
			proxyType = 1;
			remoteGlobalIDString = D2AAC07D0554694100DB518D;
			remoteInfo = CordovaLib;
		};
/* End PBXContainerItemProxy section */

/* Begin PBXFileReference section */
		0207DA571B56EA530066E2B4 /* Images.xcassets */ = {isa = PBXFileReference; lastKnownFileType = folder.assetcatalog; name = Images.xcassets; path = "Reader/Images.xcassets"; sourceTree = SOURCE_ROOT; };
		1D3623240D0F684500981E51 /* AppDelegate.h */ = {isa = PBXFileReference; fileEncoding = 4; lastKnownFileType = sourcecode.c.h; path = AppDelegate.h; sourceTree = "<group>"; };
		1D3623250D0F684500981E51 /* AppDelegate.m */ = {isa = PBXFileReference; fileEncoding = 4; lastKnownFileType = sourcecode.c.objc; path = AppDelegate.m; sourceTree = "<group>"; };
		1D6058910D05DD3D006BFB54 /* Reader.app */ = {isa = PBXFileReference; explicitFileType = wrapper.application; includeInIndex = 0; path = "Reader.app"; sourceTree = BUILT_PRODUCTS_DIR; };
		29B97316FDCFA39411CA2CEA /* main.m */ = {isa = PBXFileReference; fileEncoding = 4; lastKnownFileType = sourcecode.c.objc; path = main.m; sourceTree = "<group>"; };
		301BF52D109A57CC0062928A /* CordovaLib.xcodeproj */ = {isa = PBXFileReference; lastKnownFileType = "wrapper.pb-project"; path = CordovaLib/CordovaLib.xcodeproj; sourceTree = "<group>"; };
		301BF56E109A69640062928A /* www */ = {isa = PBXFileReference; lastKnownFileType = folder; path = www; sourceTree = SOURCE_ROOT; };
		302D95EE14D2391D003F00A1 /* MainViewController.h */ = {isa = PBXFileReference; fileEncoding = 4; lastKnownFileType = sourcecode.c.h; path = MainViewController.h; sourceTree = "<group>"; };
		302D95EF14D2391D003F00A1 /* MainViewController.m */ = {isa = PBXFileReference; fileEncoding = 4; lastKnownFileType = sourcecode.c.objc; path = MainViewController.m; sourceTree = "<group>"; };
		302D95F014D2391D003F00A1 /* MainViewController.xib */ = {isa = PBXFileReference; fileEncoding = 4; lastKnownFileType = file.xib; path = MainViewController.xib; sourceTree = "<group>"; };
		3047A50F1AB8059700498E2A /* build-debug.xcconfig */ = {isa = PBXFileReference; fileEncoding = 4; lastKnownFileType = text.xcconfig; name = "build-debug.xcconfig"; path = cordova/build-debug.xcconfig; sourceTree = SOURCE_ROOT; };
		3047A5101AB8059700498E2A /* build-release.xcconfig */ = {isa = PBXFileReference; fileEncoding = 4; lastKnownFileType = text.xcconfig; name = "build-release.xcconfig"; path = cordova/build-release.xcconfig; sourceTree = SOURCE_ROOT; };
		3047A5111AB8059700498E2A /* build.xcconfig */ = {isa = PBXFileReference; fileEncoding = 4; lastKnownFileType = text.xcconfig; name = build.xcconfig; path = cordova/build.xcconfig; sourceTree = SOURCE_ROOT; };
		32CA4F630368D1EE00C91783 /* Reader-Prefix.pch */ = {isa = PBXFileReference; fileEncoding = 4; lastKnownFileType = sourcecode.c.h; path = "Reader-Prefix.pch"; sourceTree = "<group>"; };
		6AFF5BF81D6E424B00AB3073 /* CDVLaunchScreen.storyboard */ = {isa = PBXFileReference; fileEncoding = 4; lastKnownFileType = file.storyboard; name = CDVLaunchScreen.storyboard; path = "Reader/CDVLaunchScreen.storyboard"; sourceTree = SOURCE_ROOT; };
		8D1107310486CEB800E47090 /* Reader-Info.plist */ = {isa = PBXFileReference; fileEncoding = 4; lastKnownFileType = text.plist.xml; name = "Reader-Info.plist"; path = "Reader/Reader-Info.plist"; plistStructureDefinitionIdentifier = "com.apple.xcode.plist.structure-definition.iphone.info-plist"; sourceTree = SOURCE_ROOT; };
		EB87FDF31871DA8E0020F90C /* www */ = {isa = PBXFileReference; lastKnownFileType = folder; name = www; path = ../../www; sourceTree = "<group>"; };
		EB87FDF41871DAF40020F90C /* config.xml */ = {isa = PBXFileReference; lastKnownFileType = text.xml; name = config.xml; path = ../../config.xml; sourceTree = "<group>"; };
		F840E1F0165FE0F500CFE078 /* config.xml */ = {isa = PBXFileReference; lastKnownFileType = text.xml; name = config.xml; path = "Reader/config.xml"; sourceTree = "<group>"; };
		ED33DF2A687741AEAF9F8254 /* Bridging-Header.h */ = {isa = PBXFileReference; fileEncoding = 4; lastKnownFileType = sourcecode.c.h; name = "Bridging-Header.h"; path = "Bridging-Header.h"; sourceTree = "<group>"; };
		1BF29CFFF9F943D0AB30EBB8 /* CDVFile.m */ = {isa = PBXFileReference; name = "CDVFile.m"; path = "cordova-plugin-file/CDVFile.m"; sourceTree = "<group>"; fileEncoding = 4; lastKnownFileType = sourcecode.c.objc; explicitFileType = undefined; includeInIndex = 0; };
		AA27272F2D714EB794CE3000 /* CDVLocalFilesystem.m */ = {isa = PBXFileReference; name = "CDVLocalFilesystem.m"; path = "cordova-plugin-file/CDVLocalFilesystem.m"; sourceTree = "<group>"; fileEncoding = 4; lastKnownFileType = sourcecode.c.objc; explicitFileType = undefined; includeInIndex = 0; };
		61BBDC1CDC0A43C080A06CD0 /* CDVAssetLibraryFilesystem.m */ = {isa = PBXFileReference; name = "CDVAssetLibraryFilesystem.m"; path = "cordova-plugin-file/CDVAssetLibraryFilesystem.m"; sourceTree = "<group>"; fileEncoding = 4; lastKnownFileType = sourcecode.c.objc; explicitFileType = undefined; includeInIndex = 0; };
		07C03A1FBF04478A890EC4E5 /* CDVFile.h */ = {isa = PBXFileReference; name = "CDVFile.h"; path = "cordova-plugin-file/CDVFile.h"; sourceTree = "<group>"; fileEncoding = 4; lastKnownFileType = sourcecode.c.h; explicitFileType = undefined; includeInIndex = 0; };
		491E9CDF90D74921AF6CB4B3 /* CDVLocalFilesystem.h */ = {isa = PBXFileReference; name = "CDVLocalFilesystem.h"; path = "cordova-plugin-file/CDVLocalFilesystem.h"; sourceTree = "<group>"; fileEncoding = 4; lastKnownFileType = sourcecode.c.h; explicitFileType = undefined; includeInIndex = 0; };
		151CA44C3EC34E32A2320121 /* CDVAssetLibraryFilesystem.h */ = {isa = PBXFileReference; name = "CDVAssetLibraryFilesystem.h"; path = "cordova-plugin-file/CDVAssetLibraryFilesystem.h"; sourceTree = "<group>"; fileEncoding = 4; lastKnownFileType = sourcecode.c.h; explicitFileType = undefined; includeInIndex = 0; };
		FA4CC6BC1E4E4CDA9AA7E50D /* CDVFileTransfer.m */ = {isa = PBXFileReference; name = "CDVFileTransfer.m"; path = "cordova-plugin-file-transfer/CDVFileTransfer.m"; sourceTree = "<group>"; fileEncoding = 4; lastKnownFileType = sourcecode.c.objc; explicitFileType = undefined; includeInIndex = 0; };
		D7EDEC1FF1E74C548C719A3A /* CDVFileTransfer.h */ = {isa = PBXFileReference; name = "CDVFileTransfer.h"; path = "cordova-plugin-file-transfer/CDVFileTransfer.h"; sourceTree = "<group>"; fileEncoding = 4; lastKnownFileType = sourcecode.c.h; explicitFileType = undefined; includeInIndex = 0; };
		4F22B535FEB4407D81FABF89 /* CDVInAppBrowser.m */ = {isa = PBXFileReference; name = "CDVInAppBrowser.m"; path = "cordova-plugin-inappbrowser/CDVInAppBrowser.m"; sourceTree = "<group>"; fileEncoding = 4; lastKnownFileType = sourcecode.c.objc; explicitFileType = undefined; includeInIndex = 0; };
		D8C182B1C653409A9811C6EB /* CDVInAppBrowser.h */ = {isa = PBXFileReference; name = "CDVInAppBrowser.h"; path = "cordova-plugin-inappbrowser/CDVInAppBrowser.h"; sourceTree = "<group>"; fileEncoding = 4; lastKnownFileType = sourcecode.c.h; explicitFileType = undefined; includeInIndex = 0; };
		22F281CDAE684643BD4C5F0B /* CDVTTS.m */ = {isa = PBXFileReference; name = "CDVTTS.m"; path = "cordova-plugin-tts/CDVTTS.m"; sourceTree = "<group>"; fileEncoding = 4; lastKnownFileType = sourcecode.c.objc; explicitFileType = undefined; includeInIndex = 0; };
		911230E7A90F4CB592723E0F /* CDVTTS.h */ = {isa = PBXFileReference; name = "CDVTTS.h"; path = "cordova-plugin-tts/CDVTTS.h"; sourceTree = "<group>"; fileEncoding = 4; lastKnownFileType = sourcecode.c.h; explicitFileType = undefined; includeInIndex = 0; };
		7047851AA57F4A61907ADC98 /* ZipPlugin.m */ = {isa = PBXFileReference; name = "ZipPlugin.m"; path = "cordova-plugin-zip/ZipPlugin.m"; sourceTree = "<group>"; fileEncoding = 4; lastKnownFileType = sourcecode.c.objc; explicitFileType = undefined; includeInIndex = 0; };
		909A751EB8A64C73A758CF61 /* aescrypt.c */ = {isa = PBXFileReference; name = "aescrypt.c"; path = "cordova-plugin-zip/Plugins/aes/aescrypt.c"; sourceTree = "<group>"; fileEncoding = undefined; lastKnownFileType = unknown; explicitFileType = undefined; includeInIndex = 0; };
		83733F0C005240F99F82874D /* aeskey.c */ = {isa = PBXFileReference; name = "aeskey.c"; path = "cordova-plugin-zip/Plugins/aes/aeskey.c"; sourceTree = "<group>"; fileEncoding = undefined; lastKnownFileType = unknown; explicitFileType = undefined; includeInIndex = 0; };
		06E7FE8276E946058A90969A /* aestab.c */ = {isa = PBXFileReference; name = "aestab.c"; path = "cordova-plugin-zip/Plugins/aes/aestab.c"; sourceTree = "<group>"; fileEncoding = undefined; lastKnownFileType = unknown; explicitFileType = undefined; includeInIndex = 0; };
		8398C5C0867E4868908CCE04 /* entropy.c */ = {isa = PBXFileReference; name = "entropy.c"; path = "cordova-plugin-zip/Plugins/aes/entropy.c"; sourceTree = "<group>"; fileEncoding = undefined; lastKnownFileType = unknown; explicitFileType = undefined; includeInIndex = 0; };
		9E128C0CCEBF431EA4174BF7 /* fileenc.c */ = {isa = PBXFileReference; name = "fileenc.c"; path = "cordova-plugin-zip/Plugins/aes/fileenc.c"; sourceTree = "<group>"; fileEncoding = undefined; lastKnownFileType = unknown; explicitFileType = undefined; includeInIndex = 0; };
		7D3A8C62D5BA419DB6D84794 /* hmac.c */ = {isa = PBXFileReference; name = "hmac.c"; path = "cordova-plugin-zip/Plugins/aes/hmac.c"; sourceTree = "<group>"; fileEncoding = undefined; lastKnownFileType = unknown; explicitFileType = undefined; includeInIndex = 0; };
		4CF36643532B4F85A6C208B3 /* prng.c */ = {isa = PBXFileReference; name = "prng.c"; path = "cordova-plugin-zip/Plugins/aes/prng.c"; sourceTree = "<group>"; fileEncoding = undefined; lastKnownFileType = unknown; explicitFileType = undefined; includeInIndex = 0; };
		B457BB186765422D81668BE4 /* pwd2key.c */ = {isa = PBXFileReference; name = "pwd2key.c"; path = "cordova-plugin-zip/Plugins/aes/pwd2key.c"; sourceTree = "<group>"; fileEncoding = undefined; lastKnownFileType = unknown; explicitFileType = undefined; includeInIndex = 0; };
		B2A4CBFD2B9B4B24BD17B371 /* sha1.c */ = {isa = PBXFileReference; name = "sha1.c"; path = "cordova-plugin-zip/Plugins/aes/sha1.c"; sourceTree = "<group>"; fileEncoding = undefined; lastKnownFileType = unknown; explicitFileType = undefined; includeInIndex = 0; };
		49EF04DBBCEA43F4A394F8B2 /* SSZipArchive.m */ = {isa = PBXFileReference; name = "SSZipArchive.m"; path = "cordova-plugin-zip/Plugins/minizip/SSZipArchive.m"; sourceTree = "<group>"; fileEncoding = 4; lastKnownFileType = sourcecode.c.objc; explicitFileType = undefined; includeInIndex = 0; };
		2EEBD07EDA424E058C3B6042 /* zip.c */ = {isa = PBXFileReference; name = "zip.c"; path = "cordova-plugin-zip/Plugins/minizip/zip.c"; sourceTree = "<group>"; fileEncoding = undefined; lastKnownFileType = unknown; explicitFileType = undefined; includeInIndex = 0; };
		AAF0E1A2D89642DB8C87FDB9 /* unzip.c */ = {isa = PBXFileReference; name = "unzip.c"; path = "cordova-plugin-zip/Plugins/minizip/unzip.c"; sourceTree = "<group>"; fileEncoding = undefined; lastKnownFileType = unknown; explicitFileType = undefined; includeInIndex = 0; };
		2F7EC2AD0B56459995385638 /* mztools.c */ = {isa = PBXFileReference; name = "mztools.c"; path = "cordova-plugin-zip/Plugins/minizip/mztools.c"; sourceTree = "<group>"; fileEncoding = undefined; lastKnownFileType = unknown; explicitFileType = undefined; includeInIndex = 0; };
		9FD0389DCFB8420E8FAB33AA /* ioapi.c */ = {isa = PBXFileReference; name = "ioapi.c"; path = "cordova-plugin-zip/Plugins/minizip/ioapi.c"; sourceTree = "<group>"; fileEncoding = undefined; lastKnownFileType = unknown; explicitFileType = undefined; includeInIndex = 0; };
		09683895C90C4AD897A241CE /* ZipPlugin.h */ = {isa = PBXFileReference; name = "ZipPlugin.h"; path = "cordova-plugin-zip/ZipPlugin.h"; sourceTree = "<group>"; fileEncoding = 4; lastKnownFileType = sourcecode.c.h; explicitFileType = undefined; includeInIndex = 0; };
		D1F1FD54585545B88617785F /* Common.h */ = {isa = PBXFileReference; name = "Common.h"; path = "cordova-plugin-zip/Common.h"; sourceTree = "<group>"; fileEncoding = 4; lastKnownFileType = sourcecode.c.h; explicitFileType = undefined; includeInIndex = 0; };
		6B5E2A66D3B648FFBCE1998D /* aes.h */ = {isa = PBXFileReference; name = "aes.h"; path = "cordova-plugin-zip/Plugins/aes/aes.h"; sourceTree = "<group>"; fileEncoding = 4; lastKnownFileType = sourcecode.c.h; explicitFileType = undefined; includeInIndex = 0; };
		A3006B713921417AB0471B42 /* aes_via_ace.h */ = {isa = PBXFileReference; name = "aes_via_ace.h"; path = "cordova-plugin-zip/Plugins/aes/aes_via_ace.h"; sourceTree = "<group>"; fileEncoding = 4; lastKnownFileType = sourcecode.c.h; explicitFileType = undefined; includeInIndex = 0; };
		E21876732AE541309FFB7816 /* aesopt.h */ = {isa = PBXFileReference; name = "aesopt.h"; path = "cordova-plugin-zip/Plugins/aes/aesopt.h"; sourceTree = "<group>"; fileEncoding = 4; lastKnownFileType = sourcecode.c.h; explicitFileType = undefined; includeInIndex = 0; };
		CA171B8D2564453DB0BC2A5C /* aestab.h */ = {isa = PBXFileReference; name = "aestab.h"; path = "cordova-plugin-zip/Plugins/aes/aestab.h"; sourceTree = "<group>"; fileEncoding = 4; lastKnownFileType = sourcecode.c.h; explicitFileType = undefined; includeInIndex = 0; };
		7266A348BE544664B4CAE7B6 /* brg_endian.h */ = {isa = PBXFileReference; name = "brg_endian.h"; path = "cordova-plugin-zip/Plugins/aes/brg_endian.h"; sourceTree = "<group>"; fileEncoding = 4; lastKnownFileType = sourcecode.c.h; explicitFileType = undefined; includeInIndex = 0; };
		90D454FA181945B297650569 /* brg_types.h */ = {isa = PBXFileReference; name = "brg_types.h"; path = "cordova-plugin-zip/Plugins/aes/brg_types.h"; sourceTree = "<group>"; fileEncoding = 4; lastKnownFileType = sourcecode.c.h; explicitFileType = undefined; includeInIndex = 0; };
		28CFA92E5B1A4C4EBC5EB6A5 /* entropy.h */ = {isa = PBXFileReference; name = "entropy.h"; path = "cordova-plugin-zip/Plugins/aes/entropy.h"; sourceTree = "<group>"; fileEncoding = 4; lastKnownFileType = sourcecode.c.h; explicitFileType = undefined; includeInIndex = 0; };
		571CD5861458438EBC8851A5 /* fileenc.h */ = {isa = PBXFileReference; name = "fileenc.h"; path = "cordova-plugin-zip/Plugins/aes/fileenc.h"; sourceTree = "<group>"; fileEncoding = 4; lastKnownFileType = sourcecode.c.h; explicitFileType = undefined; includeInIndex = 0; };
		F46AEA9445004F0B86C0C109 /* hmac.h */ = {isa = PBXFileReference; name = "hmac.h"; path = "cordova-plugin-zip/Plugins/aes/hmac.h"; sourceTree = "<group>"; fileEncoding = 4; lastKnownFileType = sourcecode.c.h; explicitFileType = undefined; includeInIndex = 0; };
		DB2C7527350D4CC3BFF15D43 /* prng.h */ = {isa = PBXFileReference; name = "prng.h"; path = "cordova-plugin-zip/Plugins/aes/prng.h"; sourceTree = "<group>"; fileEncoding = 4; lastKnownFileType = sourcecode.c.h; explicitFileType = undefined; includeInIndex = 0; };
		DA6DAE3A3E654368BFBEDCF9 /* pwd2key.h */ = {isa = PBXFileReference; name = "pwd2key.h"; path = "cordova-plugin-zip/Plugins/aes/pwd2key.h"; sourceTree = "<group>"; fileEncoding = 4; lastKnownFileType = sourcecode.c.h; explicitFileType = undefined; includeInIndex = 0; };
		AEB4ED8310E243DA95047900 /* sha1.h */ = {isa = PBXFileReference; name = "sha1.h"; path = "cordova-plugin-zip/Plugins/aes/sha1.h"; sourceTree = "<group>"; fileEncoding = 4; lastKnownFileType = sourcecode.c.h; explicitFileType = undefined; includeInIndex = 0; };
		537D1F72A23D4EFD8BE34BA6 /* SSZipArchive.h */ = {isa = PBXFileReference; name = "SSZipArchive.h"; path = "cordova-plugin-zip/Plugins/minizip/SSZipArchive.h"; sourceTree = "<group>"; fileEncoding = 4; lastKnownFileType = sourcecode.c.h; explicitFileType = undefined; includeInIndex = 0; };
		920718D870824A20B644A9F4 /* zip.h */ = {isa = PBXFileReference; name = "zip.h"; path = "cordova-plugin-zip/Plugins/minizip/zip.h"; sourceTree = "<group>"; fileEncoding = 4; lastKnownFileType = sourcecode.c.h; explicitFileType = undefined; includeInIndex = 0; };
		2468A1835D9A4082B6907362 /* unzip.h */ = {isa = PBXFileReference; name = "unzip.h"; path = "cordova-plugin-zip/Plugins/minizip/unzip.h"; sourceTree = "<group>"; fileEncoding = 4; lastKnownFileType = sourcecode.c.h; explicitFileType = undefined; includeInIndex = 0; };
		B80419F8AF1041DD9893766F /* mztools.h */ = {isa = PBXFileReference; name = "mztools.h"; path = "cordova-plugin-zip/Plugins/minizip/mztools.h"; sourceTree = "<group>"; fileEncoding = 4; lastKnownFileType = sourcecode.c.h; explicitFileType = undefined; includeInIndex = 0; };
		88C127F1533A4C85BB42C5CE /* ioapi.h */ = {isa = PBXFileReference; name = "ioapi.h"; path = "cordova-plugin-zip/Plugins/minizip/ioapi.h"; sourceTree = "<group>"; fileEncoding = 4; lastKnownFileType = sourcecode.c.h; explicitFileType = undefined; includeInIndex = 0; };
		530704DE8F464960B0DFF9DF /* crypt.h */ = {isa = PBXFileReference; name = "crypt.h"; path = "cordova-plugin-zip/Plugins/minizip/crypt.h"; sourceTree = "<group>"; fileEncoding = 4; lastKnownFileType = sourcecode.c.h; explicitFileType = undefined; includeInIndex = 0; };
		1A20BEE01DD24C76A8EEAE60 /* libz.dylib */ = {isa = PBXFileReference; name = "libz.dylib"; path = "usr/lib/libz.dylib"; sourceTree = SDKROOT; fileEncoding = undefined; lastKnownFileType = compiled.mach-o.dylib; explicitFileType = undefined; includeInIndex = 0; };
		744FF9F610C64A13831A9D71 /* SQLitePlugin.m */ = {isa = PBXFileReference; name = "SQLitePlugin.m"; path = "cordova-sqlite-storage/SQLitePlugin.m"; sourceTree = "<group>"; fileEncoding = 4; lastKnownFileType = sourcecode.c.objc; explicitFileType = undefined; includeInIndex = 0; };
		DCF7D9325C904C83A4D0984F /* sqlite3.c */ = {isa = PBXFileReference; name = "sqlite3.c"; path = "cordova-sqlite-storage/sqlite3.c"; sourceTree = "<group>"; fileEncoding = undefined; lastKnownFileType = unknown; explicitFileType = undefined; includeInIndex = 0; };
		495CC3AC6015421E9C5D4FAB /* SQLitePlugin.h */ = {isa = PBXFileReference; name = "SQLitePlugin.h"; path = "cordova-sqlite-storage/SQLitePlugin.h"; sourceTree = "<group>"; fileEncoding = 4; lastKnownFileType = sourcecode.c.h; explicitFileType = undefined; includeInIndex = 0; };
		5FD46FD7380648488FAE3BAF /* sqlite3.h */ = {isa = PBXFileReference; name = "sqlite3.h"; path = "cordova-sqlite-storage/sqlite3.h"; sourceTree = "<group>"; fileEncoding = 4; lastKnownFileType = sourcecode.c.h; explicitFileType = undefined; includeInIndex = 0; };
		28E2DB7B35314D1DB3E0F7BF /* SpeechRecognition.m */ = {isa = PBXFileReference; name = "SpeechRecognition.m"; path = "org.apache.cordova.speech.speechrecognition/SpeechRecognition.m"; sourceTree = "<group>"; fileEncoding = 4; lastKnownFileType = sourcecode.c.objc; explicitFileType = undefined; includeInIndex = 0; };
		D3A0E7E0CB6B48ED92F2B042 /* libiSpeechSDK.a */ = {isa = PBXFileReference; name = "libiSpeechSDK.a"; path = "Reader/Plugins/org.apache.cordova.speech.speechrecognition/libiSpeechSDK.a"; sourceTree = "<group>"; fileEncoding = undefined; lastKnownFileType = archive.ar; explicitFileType = undefined; includeInIndex = 0; };
		16B4920FCDE74F2CA2B83780 /* SpeechRecognition.h */ = {isa = PBXFileReference; name = "SpeechRecognition.h"; path = "org.apache.cordova.speech.speechrecognition/SpeechRecognition.h"; sourceTree = "<group>"; fileEncoding = 4; lastKnownFileType = sourcecode.c.h; explicitFileType = undefined; includeInIndex = 0; };
		32BB226801464771B4556D66 /* iSpeechSDK.h */ = {isa = PBXFileReference; name = "iSpeechSDK.h"; path = "org.apache.cordova.speech.speechrecognition/iSpeechSDK.h"; sourceTree = "<group>"; fileEncoding = 4; lastKnownFileType = sourcecode.c.h; explicitFileType = undefined; includeInIndex = 0; };
		96066280EF464C7E993D5353 /* ISSpeechRecognition.h */ = {isa = PBXFileReference; name = "ISSpeechRecognition.h"; path = "org.apache.cordova.speech.speechrecognition/ISSpeechRecognition.h"; sourceTree = "<group>"; fileEncoding = 4; lastKnownFileType = sourcecode.c.h; explicitFileType = undefined; includeInIndex = 0; };
		D78E63CDC0DD4E6FA5D4885C /* ISSpeechRecognitionLocales.h */ = {isa = PBXFileReference; name = "ISSpeechRecognitionLocales.h"; path = "org.apache.cordova.speech.speechrecognition/ISSpeechRecognitionLocales.h"; sourceTree = "<group>"; fileEncoding = 4; lastKnownFileType = sourcecode.c.h; explicitFileType = undefined; includeInIndex = 0; };
		5C6415CCFC0E43B18F0D5589 /* ISSpeechRecognitionResult.h */ = {isa = PBXFileReference; name = "ISSpeechRecognitionResult.h"; path = "org.apache.cordova.speech.speechrecognition/ISSpeechRecognitionResult.h"; sourceTree = "<group>"; fileEncoding = 4; lastKnownFileType = sourcecode.c.h; explicitFileType = undefined; includeInIndex = 0; };
		C31577BE13E04359B99C278B /* ISSpeechSynthesis.h */ = {isa = PBXFileReference; name = "ISSpeechSynthesis.h"; path = "org.apache.cordova.speech.speechrecognition/ISSpeechSynthesis.h"; sourceTree = "<group>"; fileEncoding = 4; lastKnownFileType = sourcecode.c.h; explicitFileType = undefined; includeInIndex = 0; };
		9878E230A0074C3694E2352D /* ISSpeechSynthesisVoices.h */ = {isa = PBXFileReference; name = "ISSpeechSynthesisVoices.h"; path = "org.apache.cordova.speech.speechrecognition/ISSpeechSynthesisVoices.h"; sourceTree = "<group>"; fileEncoding = 4; lastKnownFileType = sourcecode.c.h; explicitFileType = undefined; includeInIndex = 0; };
		BEC38B5F48714EF99D410433 /* iSpeechSDK.bundle */ = {isa = PBXFileReference; name = "iSpeechSDK.bundle"; path = "iSpeechSDK.bundle"; sourceTree = "<group>"; fileEncoding = undefined; lastKnownFileType = wrapper.plug-in; explicitFileType = undefined; includeInIndex = 0; };
		E7C700EE2B484A82B21202C5 /* AudioToolbox.framework */ = {isa = PBXFileReference; name = "AudioToolbox.framework"; path = "System/Library/Frameworks/AudioToolbox.framework"; sourceTree = SDKROOT; fileEncoding = undefined; lastKnownFileType = wrapper.framework; explicitFileType = undefined; includeInIndex = 0; };
		B47AE7D79F9C4F00B3E9EDBB /* SystemConfiguration.framework */ = {isa = PBXFileReference; name = "SystemConfiguration.framework"; path = "System/Library/Frameworks/SystemConfiguration.framework"; sourceTree = SDKROOT; fileEncoding = undefined; lastKnownFileType = wrapper.framework; explicitFileType = undefined; includeInIndex = 0; };
		A4DA3659CF1E4EC98B12BD69 /* Security.framework */ = {isa = PBXFileReference; name = "Security.framework"; path = "System/Library/Frameworks/Security.framework"; sourceTree = SDKROOT; fileEncoding = undefined; lastKnownFileType = wrapper.framework; explicitFileType = undefined; includeInIndex = 0; };
		D633975C8EDD4D1393D1FACE /* CFNetwork.framework */ = {isa = PBXFileReference; name = "CFNetwork.framework"; path = "System/Library/Frameworks/CFNetwork.framework"; sourceTree = SDKROOT; fileEncoding = undefined; lastKnownFileType = wrapper.framework; explicitFileType = undefined; includeInIndex = 0; };
		8F4C54BDE44E4273B5B8CDFD /* Speech.framework */ = {isa = PBXFileReference; name = "Speech.framework"; path = "System/Library/Frameworks/Speech.framework"; sourceTree = SDKROOT; fileEncoding = undefined; lastKnownFileType = wrapper.framework; explicitFileType = undefined; includeInIndex = 0; };
		1EEE4925F700496AA77242E0 /* APPEmailComposer.m */ = {isa = PBXFileReference; name = "APPEmailComposer.m"; path = "cordova-plugin-email-composer/APPEmailComposer.m"; sourceTree = "<group>"; fileEncoding = 4; lastKnownFileType = sourcecode.c.objc; explicitFileType = undefined; includeInIndex = 0; };
		9241530518FA4AA1A52C242D /* APPEmailComposerImpl.m */ = {isa = PBXFileReference; name = "APPEmailComposerImpl.m"; path = "cordova-plugin-email-composer/APPEmailComposerImpl.m"; sourceTree = "<group>"; fileEncoding = 4; lastKnownFileType = sourcecode.c.objc; explicitFileType = undefined; includeInIndex = 0; };
		F7B46914085547AA982A6D0D /* APPEmailComposer.h */ = {isa = PBXFileReference; name = "APPEmailComposer.h"; path = "cordova-plugin-email-composer/APPEmailComposer.h"; sourceTree = "<group>"; fileEncoding = 4; lastKnownFileType = sourcecode.c.h; explicitFileType = undefined; includeInIndex = 0; };
		9B8BEFA973ED4F5987203E91 /* APPEmailComposerImpl.h */ = {isa = PBXFileReference; name = "APPEmailComposerImpl.h"; path = "cordova-plugin-email-composer/APPEmailComposerImpl.h"; sourceTree = "<group>"; fileEncoding = 4; lastKnownFileType = sourcecode.c.h; explicitFileType = undefined; includeInIndex = 0; };
		13295B876F5D49EBA65E599E /* MessageUI.framework */ = {isa = PBXFileReference; name = "MessageUI.framework"; path = "System/Library/Frameworks/MessageUI.framework"; sourceTree = SDKROOT; fileEncoding = undefined; lastKnownFileType = wrapper.framework; explicitFileType = undefined; includeInIndex = 0; };
/* End PBXFileReference section */

/* Begin PBXFrameworksBuildPhase section */
		1D60588F0D05DD3D006BFB54 /* Frameworks */ = {
			isa = PBXFrameworksBuildPhase;
			buildActionMask = 2147483647;
			files = (
				301BF552109A68D80062928A /* libCordova.a in Frameworks */,
				D2126439139442D188DA572F /* libz.dylib in Frameworks */,
				87D1B6D0FB10445EA0E929ED /* libiSpeechSDK.a in Frameworks */,
				2847EC9261E84AF1B800460C /* AudioToolbox.framework in Frameworks */,
				6314D97A7488417C98CF3CFA /* SystemConfiguration.framework in Frameworks */,
				BDC1E07FF56949EBB0BEE78F /* Security.framework in Frameworks */,
				C41CF182E73B48C483FA76E8 /* CFNetwork.framework in Frameworks */,
				7ACAF71443A54A1EA2CB2F78 /* Speech.framework in Frameworks */,
				196E3E4F25D04F6AB0B425AD /* MessageUI.framework in Frameworks */,
			);
			runOnlyForDeploymentPostprocessing = 0;
		};
/* End PBXFrameworksBuildPhase section */

/* Begin PBXGroup section */
		080E96DDFE201D6D7F000001 /* Classes */ = {
			isa = PBXGroup;
			children = (
				302D95EE14D2391D003F00A1 /* MainViewController.h */,
				302D95EF14D2391D003F00A1 /* MainViewController.m */,
				302D95F014D2391D003F00A1 /* MainViewController.xib */,
				1D3623240D0F684500981E51 /* AppDelegate.h */,
				1D3623250D0F684500981E51 /* AppDelegate.m */,
			);
			name = Classes;
			path = "Reader/Classes";
			sourceTree = SOURCE_ROOT;
		};
		19C28FACFE9D520D11CA2CBB /* Products */ = {
			isa = PBXGroup;
			children = (
				1D6058910D05DD3D006BFB54 /* Reader.app */,
			);
			name = Products;
			sourceTree = "<group>";
		};
		29B97314FDCFA39411CA2CEA /* CustomTemplate */ = {
			isa = PBXGroup;
			children = (
				EB87FDF41871DAF40020F90C /* config.xml */,
				EB87FDF31871DA8E0020F90C /* www */,
				EB87FDF11871DA420020F90C /* Staging */,
				301BF52D109A57CC0062928A /* CordovaLib.xcodeproj */,
				080E96DDFE201D6D7F000001 /* Classes */,
				307C750510C5A3420062BCA9 /* Plugins */,
				29B97315FDCFA39411CA2CEA /* Other Sources */,
				29B97317FDCFA39411CA2CEA /* Resources */,
				29B97323FDCFA39411CA2CEA /* Frameworks */,
				19C28FACFE9D520D11CA2CBB /* Products */,
			);
			name = CustomTemplate;
			sourceTree = "<group>";
		};
		29B97315FDCFA39411CA2CEA /* Other Sources */ = {
			isa = PBXGroup;
			children = (
				32CA4F630368D1EE00C91783 /* Reader-Prefix.pch */,
				29B97316FDCFA39411CA2CEA /* main.m */,
				ED33DF2A687741AEAF9F8254 /* Bridging-Header.h */,
			);
			name = "Other Sources";
			path = "Reader";
			sourceTree = "<group>";
		};
		29B97317FDCFA39411CA2CEA /* Resources */ = {
			isa = PBXGroup;
			children = (
				0207DA571B56EA530066E2B4 /* Images.xcassets */,
				3047A50E1AB8057F00498E2A /* config */,
				8D1107310486CEB800E47090 /* Reader-Info.plist */,
				6AFF5BF81D6E424B00AB3073 /* CDVLaunchScreen.storyboard */,
				BEC38B5F48714EF99D410433 /* iSpeechSDK.bundle */,
			);
			name = Resources;
			path = "Reader/Resources";
			sourceTree = "<group>";
		};
		29B97323FDCFA39411CA2CEA /* Frameworks */ = {
			isa = PBXGroup;
			children = (
				1A20BEE01DD24C76A8EEAE60 /* libz.dylib */,
				D3A0E7E0CB6B48ED92F2B042 /* libiSpeechSDK.a */,
				E7C700EE2B484A82B21202C5 /* AudioToolbox.framework */,
				B47AE7D79F9C4F00B3E9EDBB /* SystemConfiguration.framework */,
				A4DA3659CF1E4EC98B12BD69 /* Security.framework */,
				D633975C8EDD4D1393D1FACE /* CFNetwork.framework */,
				8F4C54BDE44E4273B5B8CDFD /* Speech.framework */,
				13295B876F5D49EBA65E599E /* MessageUI.framework */,
			);
			name = Frameworks;
			sourceTree = "<group>";
		};
		301BF52E109A57CC0062928A /* Products */ = {
			isa = PBXGroup;
			children = (
				301BF535109A57CC0062928A /* libCordova.a */,
			);
			name = Products;
			sourceTree = "<group>";
		};
		3047A50E1AB8057F00498E2A /* config */ = {
			isa = PBXGroup;
			children = (
				3047A50F1AB8059700498E2A /* build-debug.xcconfig */,
				3047A5101AB8059700498E2A /* build-release.xcconfig */,
				3047A5111AB8059700498E2A /* build.xcconfig */,
			);
			name = config;
			sourceTree = "<group>";
		};
		307C750510C5A3420062BCA9 /* Plugins */ = {
			isa = PBXGroup;
			children = (
				1BF29CFFF9F943D0AB30EBB8 /* CDVFile.m */,
				AA27272F2D714EB794CE3000 /* CDVLocalFilesystem.m */,
				61BBDC1CDC0A43C080A06CD0 /* CDVAssetLibraryFilesystem.m */,
				07C03A1FBF04478A890EC4E5 /* CDVFile.h */,
				491E9CDF90D74921AF6CB4B3 /* CDVLocalFilesystem.h */,
				151CA44C3EC34E32A2320121 /* CDVAssetLibraryFilesystem.h */,
				FA4CC6BC1E4E4CDA9AA7E50D /* CDVFileTransfer.m */,
				D7EDEC1FF1E74C548C719A3A /* CDVFileTransfer.h */,
				4F22B535FEB4407D81FABF89 /* CDVInAppBrowser.m */,
				D8C182B1C653409A9811C6EB /* CDVInAppBrowser.h */,
				22F281CDAE684643BD4C5F0B /* CDVTTS.m */,
				911230E7A90F4CB592723E0F /* CDVTTS.h */,
				7047851AA57F4A61907ADC98 /* ZipPlugin.m */,
				909A751EB8A64C73A758CF61 /* aescrypt.c */,
				83733F0C005240F99F82874D /* aeskey.c */,
				06E7FE8276E946058A90969A /* aestab.c */,
				8398C5C0867E4868908CCE04 /* entropy.c */,
				9E128C0CCEBF431EA4174BF7 /* fileenc.c */,
				7D3A8C62D5BA419DB6D84794 /* hmac.c */,
				4CF36643532B4F85A6C208B3 /* prng.c */,
				B457BB186765422D81668BE4 /* pwd2key.c */,
				B2A4CBFD2B9B4B24BD17B371 /* sha1.c */,
				49EF04DBBCEA43F4A394F8B2 /* SSZipArchive.m */,
				2EEBD07EDA424E058C3B6042 /* zip.c */,
				AAF0E1A2D89642DB8C87FDB9 /* unzip.c */,
				2F7EC2AD0B56459995385638 /* mztools.c */,
				9FD0389DCFB8420E8FAB33AA /* ioapi.c */,
				09683895C90C4AD897A241CE /* ZipPlugin.h */,
				D1F1FD54585545B88617785F /* Common.h */,
				6B5E2A66D3B648FFBCE1998D /* aes.h */,
				A3006B713921417AB0471B42 /* aes_via_ace.h */,
				E21876732AE541309FFB7816 /* aesopt.h */,
				CA171B8D2564453DB0BC2A5C /* aestab.h */,
				7266A348BE544664B4CAE7B6 /* brg_endian.h */,
				90D454FA181945B297650569 /* brg_types.h */,
				28CFA92E5B1A4C4EBC5EB6A5 /* entropy.h */,
				571CD5861458438EBC8851A5 /* fileenc.h */,
				F46AEA9445004F0B86C0C109 /* hmac.h */,
				DB2C7527350D4CC3BFF15D43 /* prng.h */,
				DA6DAE3A3E654368BFBEDCF9 /* pwd2key.h */,
				AEB4ED8310E243DA95047900 /* sha1.h */,
				537D1F72A23D4EFD8BE34BA6 /* SSZipArchive.h */,
				920718D870824A20B644A9F4 /* zip.h */,
				2468A1835D9A4082B6907362 /* unzip.h */,
				B80419F8AF1041DD9893766F /* mztools.h */,
				88C127F1533A4C85BB42C5CE /* ioapi.h */,
				530704DE8F464960B0DFF9DF /* crypt.h */,
				744FF9F610C64A13831A9D71 /* SQLitePlugin.m */,
				DCF7D9325C904C83A4D0984F /* sqlite3.c */,
				495CC3AC6015421E9C5D4FAB /* SQLitePlugin.h */,
				5FD46FD7380648488FAE3BAF /* sqlite3.h */,
				28E2DB7B35314D1DB3E0F7BF /* SpeechRecognition.m */,
				16B4920FCDE74F2CA2B83780 /* SpeechRecognition.h */,
				32BB226801464771B4556D66 /* iSpeechSDK.h */,
				96066280EF464C7E993D5353 /* ISSpeechRecognition.h */,
				D78E63CDC0DD4E6FA5D4885C /* ISSpeechRecognitionLocales.h */,
				5C6415CCFC0E43B18F0D5589 /* ISSpeechRecognitionResult.h */,
				C31577BE13E04359B99C278B /* ISSpeechSynthesis.h */,
				9878E230A0074C3694E2352D /* ISSpeechSynthesisVoices.h */,
				1EEE4925F700496AA77242E0 /* APPEmailComposer.m */,
				9241530518FA4AA1A52C242D /* APPEmailComposerImpl.m */,
				F7B46914085547AA982A6D0D /* APPEmailComposer.h */,
				9B8BEFA973ED4F5987203E91 /* APPEmailComposerImpl.h */,
			);
			name = Plugins;
			path = "Reader/Plugins";
			sourceTree = SOURCE_ROOT;
		};
		EB87FDF11871DA420020F90C /* Staging */ = {
			isa = PBXGroup;
			children = (
				F840E1F0165FE0F500CFE078 /* config.xml */,
				301BF56E109A69640062928A /* www */,
			);
			name = Staging;
			sourceTree = "<group>";
		};
/* End PBXGroup section */

/* Begin PBXNativeTarget section */
		1D6058900D05DD3D006BFB54 /* Reader */ = {
			isa = PBXNativeTarget;
			buildConfigurationList = 1D6058960D05DD3E006BFB54 /* Build configuration list for PBXNativeTarget "Reader" */;
			buildPhases = (
				304B58A110DAC018002A0835 /* Copy www directory */,
				1D60588D0D05DD3D006BFB54 /* Resources */,
				1D60588E0D05DD3D006BFB54 /* Sources */,
				1D60588F0D05DD3D006BFB54 /* Frameworks */,
			);
			buildRules = (
			);
			dependencies = (
				301BF551109A68C00062928A /* PBXTargetDependency */,
			);
			name = "Reader";
			productName = "Reader";
			productReference = 1D6058910D05DD3D006BFB54 /* Reader.app */;
			productType = "com.apple.product-type.application";
		};
/* End PBXNativeTarget section */

/* Begin PBXProject section */
		29B97313FDCFA39411CA2CEA /* Project object */ = {
			isa = PBXProject;
			attributes = {
				LastUpgradeCheck = 510;
			};
			buildConfigurationList = C01FCF4E08A954540054247B /* Build configuration list for PBXProject "__NON-CLI__" */;
			compatibilityVersion = "Xcode 3.2";
			developmentRegion = English;
			hasScannedForEncodings = 1;
			mainGroup = 29B97314FDCFA39411CA2CEA /* CustomTemplate */;
			projectDirPath = "";
			projectReferences = (
				{
					ProductGroup = 301BF52E109A57CC0062928A /* Products */;
					ProjectRef = 301BF52D109A57CC0062928A /* CordovaLib.xcodeproj */;
				},
			);
			projectRoot = "";
			targets = (
				1D6058900D05DD3D006BFB54 /* Reader */,
			);
		};
/* End PBXProject section */

/* Begin PBXReferenceProxy section */
		301BF535109A57CC0062928A /* libCordova.a */ = {
			isa = PBXReferenceProxy;
			fileType = archive.ar;
			path = libCordova.a;
			remoteRef = 301BF534109A57CC0062928A /* PBXContainerItemProxy */;
			sourceTree = BUILT_PRODUCTS_DIR;
		};
/* End PBXReferenceProxy section */

/* Begin PBXResourcesBuildPhase section */
		1D60588D0D05DD3D006BFB54 /* Resources */ = {
			isa = PBXResourcesBuildPhase;
			buildActionMask = 2147483647;
			files = (
				302D95F214D2391D003F00A1 /* MainViewController.xib in Resources */,
				0207DA581B56EA530066E2B4 /* Images.xcassets in Resources */,
				6AFF5BF91D6E424B00AB3073 /* CDVLaunchScreen.storyboard in Resources */,
				330ABCEB4A7C4708A0B4552C /* iSpeechSDK.bundle in Resources */,
			);
			runOnlyForDeploymentPostprocessing = 0;
		};
/* End PBXResourcesBuildPhase section */

/* Begin PBXShellScriptBuildPhase section */
		304B58A110DAC018002A0835 /* Copy www directory */ = {
			isa = PBXShellScriptBuildPhase;
			buildActionMask = 2147483647;
			files = (
			);
			inputPaths = (
			);
			name = "Copy www directory";
			outputPaths = (
			);
			runOnlyForDeploymentPostprocessing = 0;
			shellPath = /bin/sh;
			shellScript = "NODEJS_PATH=/usr/local/bin; NVM_NODE_PATH=~/.nvm/versions/node/`nvm version 2>/dev/null`/bin; N_NODE_PATH=`find /usr/local/n/versions/node/* -maxdepth 0 -type d 2>/dev/null | tail -1`/bin; XCODE_NODE_PATH=`xcode-select --print-path`/usr/share/xcs/Node/bin; PATH=$NODEJS_PATH:$NVM_NODE_PATH:$N_NODE_PATH:$XCODE_NODE_PATH:$PATH && node cordova/lib/copy-www-build-step.js";
			showEnvVarsInLog = 0;
		};
/* End PBXShellScriptBuildPhase section */

/* Begin PBXSourcesBuildPhase section */
		1D60588E0D05DD3D006BFB54 /* Sources */ = {
			isa = PBXSourcesBuildPhase;
			buildActionMask = 2147483647;
			files = (
				1D60589B0D05DD56006BFB54 /* main.m in Sources */,
				1D3623260D0F684500981E51 /* AppDelegate.m in Sources */,
				302D95F114D2391D003F00A1 /* MainViewController.m in Sources */,
				5C6AA6E5E51E4770AA8C88CA /* CDVFile.m in Sources */,
				C55F054FFD9143C3BE1536E5 /* CDVLocalFilesystem.m in Sources */,
				F6AEC12657434EBF91F10FE3 /* CDVAssetLibraryFilesystem.m in Sources */,
				2AE8C814EB0E42FAA0FEDE48 /* CDVFileTransfer.m in Sources */,
				388CCF8DCF8A45D5A22C0ECF /* CDVInAppBrowser.m in Sources */,
				0CB14082A9A74DCFA0E6BF49 /* CDVTTS.m in Sources */,
				CA69120796694039B4482546 /* ZipPlugin.m in Sources */,
				C61E955664894A09A77B4366 /* aescrypt.c in Resources */,
				3D95C23D79D6484E965D9FCA /* aeskey.c in Resources */,
				3F5C5C02B0D04D8DBBA03B84 /* aestab.c in Resources */,
				799B1A5F8F02441286B20EE4 /* entropy.c in Resources */,
				775880C185CA4387A1C75A3C /* fileenc.c in Resources */,
				13416E09CA8C43F09D6FCB7C /* hmac.c in Resources */,
				B8E30DB9FB6245639AC5505B /* prng.c in Resources */,
				E531D82CC0E94FCF817EF822 /* pwd2key.c in Resources */,
				0A38F69E41A44D84A5282973 /* sha1.c in Resources */,
				3878BC2F01AB47548EAB953B /* SSZipArchive.m in Sources */,
				EC2FA58F8D8D42AD9E60C58F /* zip.c in Resources */,
				105FCFCBB5354FD09FC06D84 /* unzip.c in Resources */,
				BB9CA9709AF94EDBBA57C14D /* mztools.c in Resources */,
				1552803EB551449A8E90897A /* ioapi.c in Resources */,
				E60AB9519D0E4FC3ABDE4A35 /* SQLitePlugin.m in Sources */,
				74F6C358AC1B44DDB684C61A /* sqlite3.c in Resources */,
				F5C3A79F88C249D092C779E5 /* SpeechRecognition.m in Sources */,
				0C2084EC2B9E45BB9FD6CAEA /* APPEmailComposer.m in Sources */,
				7E42154A068E48169DA27250 /* APPEmailComposerImpl.m in Sources */,
			);
			runOnlyForDeploymentPostprocessing = 0;
		};
/* End PBXSourcesBuildPhase section */

/* Begin PBXTargetDependency section */
		301BF551109A68C00062928A /* PBXTargetDependency */ = {
			isa = PBXTargetDependency;
			name = CordovaLib;
			targetProxy = 301BF550109A68C00062928A /* PBXContainerItemProxy */;
		};
/* End PBXTargetDependency section */

/* Begin XCBuildConfiguration section */
		1D6058940D05DD3E006BFB54 /* Debug */ = {
			isa = XCBuildConfiguration;
			baseConfigurationReference = 3047A50F1AB8059700498E2A /* build-debug.xcconfig */;
			buildSettings = {
				ALWAYS_SEARCH_USER_PATHS = NO;
				ASSETCATALOG_COMPILER_APPICON_NAME = AppIcon;
				ASSETCATALOG_COMPILER_LAUNCHIMAGE_NAME = LaunchImage;
				CLANG_ENABLE_MODULES = YES;
				CLANG_ENABLE_OBJC_ARC = YES;
				COPY_PHASE_STRIP = NO;
				GCC_DYNAMIC_NO_PIC = NO;
				GCC_OPTIMIZATION_LEVEL = 0;
				GCC_PRECOMPILE_PREFIX_HEADER = YES;
				GCC_PREFIX_HEADER = "Reader/Reader-Prefix.pch";
				GCC_THUMB_SUPPORT = NO;
				GCC_VERSION = "";
				INFOPLIST_FILE = "Reader/Reader-Info.plist";
				IPHONEOS_DEPLOYMENT_TARGET = 9.0;
				LD_RUNPATH_SEARCH_PATHS = "@executable_path/Frameworks";
				TARGETED_DEVICE_FAMILY = "1,2";
				PRODUCT_NAME = "Reader";
				LIBRARY_SEARCH_PATHS = (
					"$(inherited)",
					"\"$(SRCROOT)/Reader/Plugins/org.apache.cordova.speech.speechrecognition\"",
				);
			};
			name = Debug;
		};
		1D6058950D05DD3E006BFB54 /* Release */ = {
			isa = XCBuildConfiguration;
			baseConfigurationReference = 3047A5101AB8059700498E2A /* build-release.xcconfig */;
			buildSettings = {
				ALWAYS_SEARCH_USER_PATHS = NO;
				ASSETCATALOG_COMPILER_APPICON_NAME = AppIcon;
				ASSETCATALOG_COMPILER_LAUNCHIMAGE_NAME = LaunchImage;
				CLANG_ENABLE_MODULES = YES;
				CLANG_ENABLE_OBJC_ARC = YES;
				COPY_PHASE_STRIP = YES;
				GCC_PRECOMPILE_PREFIX_HEADER = YES;
				GCC_PREFIX_HEADER = "Reader/Reader-Prefix.pch";
				GCC_THUMB_SUPPORT = NO;
				GCC_VERSION = "";
				INFOPLIST_FILE = "Reader/Reader-Info.plist";
				IPHONEOS_DEPLOYMENT_TARGET = 9.0;
				LD_RUNPATH_SEARCH_PATHS = "@executable_path/Frameworks";
				TARGETED_DEVICE_FAMILY = "1,2";
				PRODUCT_NAME = "Reader";
				LIBRARY_SEARCH_PATHS = (
					"$(inherited)",
					"\"$(SRCROOT)/Reader/Plugins/org.apache.cordova.speech.speechrecognition\"",
				);
			};
			name = Release;
		};
		C01FCF4F08A954540054247B /* Debug */ = {
			isa = XCBuildConfiguration;
			baseConfigurationReference = 3047A5111AB8059700498E2A /* build.xcconfig */;
			buildSettings = {
				CLANG_ENABLE_MODULES = YES;
				CLANG_ENABLE_OBJC_ARC = YES;
				CLANG_WARN_BOOL_CONVERSION = YES;
				CLANG_WARN_CONSTANT_CONVERSION = YES;
				CLANG_WARN_EMPTY_BODY = YES;
				CLANG_WARN_ENUM_CONVERSION = YES;
				CLANG_WARN_INT_CONVERSION = YES;
				CLANG_WARN__DUPLICATE_METHOD_MATCH = YES;
				GCC_C_LANGUAGE_STANDARD = c99;
				GCC_THUMB_SUPPORT = NO;
				GCC_VERSION = "";
				GCC_WARN_ABOUT_RETURN_TYPE = YES;
				GCC_WARN_UNDECLARED_SELECTOR = YES;
				GCC_WARN_UNINITIALIZED_AUTOS = YES;
				GCC_WARN_UNUSED_FUNCTION = YES;
				GCC_WARN_UNUSED_VARIABLE = YES;
				ONLY_ACTIVE_ARCH = YES;
				SDKROOT = iphoneos;
				SKIP_INSTALL = NO;
			};
			name = Debug;
		};
		C01FCF5008A954540054247B /* Release */ = {
			isa = XCBuildConfiguration;
			baseConfigurationReference = 3047A5111AB8059700498E2A /* build.xcconfig */;
			buildSettings = {
				CLANG_ENABLE_MODULES = YES;
				CLANG_ENABLE_OBJC_ARC = YES;
				CLANG_WARN_BOOL_CONVERSION = YES;
				CLANG_WARN_CONSTANT_CONVERSION = YES;
				CLANG_WARN_EMPTY_BODY = YES;
				CLANG_WARN_ENUM_CONVERSION = YES;
				CLANG_WARN_INT_CONVERSION = YES;
				CLANG_WARN__DUPLICATE_METHOD_MATCH = YES;
				GCC_C_LANGUAGE_STANDARD = c99;
				GCC_THUMB_SUPPORT = NO;
				GCC_VERSION = "";
				GCC_WARN_ABOUT_RETURN_TYPE = YES;
				GCC_WARN_UNDECLARED_SELECTOR = YES;
				GCC_WARN_UNINITIALIZED_AUTOS = YES;
				GCC_WARN_UNUSED_FUNCTION = YES;
				GCC_WARN_UNUSED_VARIABLE = YES;
				SDKROOT = iphoneos;
				SKIP_INSTALL = NO;
			};
			name = Release;
		};
/* End XCBuildConfiguration section */

/* Begin XCConfigurationList section */
		1D6058960D05DD3E006BFB54 /* Build configuration list for PBXNativeTarget "Reader" */ = {
			isa = XCConfigurationList;
			buildConfigurations = (
				1D6058940D05DD3E006BFB54 /* Debug */,
				1D6058950D05DD3E006BFB54 /* Release */,
			);
			defaultConfigurationIsVisible = 0;
			defaultConfigurationName = Release;
		};
		C01FCF4E08A954540054247B /* Build configuration list for PBXProject "__NON-CLI__" */ = {
			isa = XCConfigurationList;
			buildConfigurations = (
				C01FCF4F08A954540054247B /* Debug */,
				C01FCF5008A954540054247B /* Release */,
			);
			defaultConfigurationIsVisible = 0;
			defaultConfigurationName = Release;
		};
/* End XCConfigurationList section */
	};
	rootObject = 29B97313FDCFA39411CA2CEA /* Project object */;
}
